PODS:
  - AAAlertController (0.2.0)
  - uiview-position (0.1.0)

DEPENDENCIES:
  - AAAlertController (from `../`)
  - uiview-position

EXTERNAL SOURCES:
  AAAlertController:
    :path: "../"

SPEC CHECKSUMS:
  AAAlertController: 0959de56c2af891789532e2f48419c4929eac662
  uiview-position: 555e00052314a874155e64dd68d727cff85ba528

PODFILE CHECKSUM: d48f6a25bdc84620ee3fd3dba0289414e388e609

COCOAPODS: 1.2.0.beta.1
