PODS:
  - AAAlertController (0.1.0)

DEPENDENCIES:
  - AAAlertController (from `../`)

EXTERNAL SOURCES:
  AAAlertController:
    :path: "../"

SPEC CHECKSUMS:
  AAAlertController: b2e1a8327909b0c4e787ccc79e9e7a5a56d05ff3

PODFILE CHECKSUM: 9f71f0916da471f5ce77f7f3fb9a3528cc4d7dfc

COCOAPODS: 1.2.0.beta.1
